
Microsoft Visual Studio Solution File, Format Version 12.00
# Visual Studio Version 17
VisualStudioVersion = 17.10.35013.160
MinimumVisualStudioVersion = 10.0.40219.1
Project("{FAE04EC0-301F-11D3-BF4B-00C04F79EFBC}") = "New Taxa", "New Taxa\New Taxa.csproj", "{CD488975-4326-4902-A604-AB9D36274BFB}"
EndProject
Global
	GlobalSection(SolutionConfigurationPlatforms) = preSolution
		Debug|Any CPU = Debug|Any CPU
		Release|Any CPU = Release|Any CPU
	EndGlobalSection
	GlobalSection(ProjectConfigurationPlatforms) = postSolution
		{CD488975-4326-4902-A604-AB9D36274BFB}.Debug|Any CPU.ActiveCfg = Debug|Any CPU
		{CD488975-4326-4902-A604-AB9D36274BFB}.Debug|Any CPU.Build.0 = Debug|Any CPU
		{CD488975-4326-4902-A604-AB9D36274BFB}.Release|Any CPU.ActiveCfg = Release|Any CPU
		{CD488975-4326-4902-A604-AB9D36274BFB}.Release|Any CPU.Build.0 = Release|Any CPU
	EndGlobalSection
	GlobalSection(SolutionProperties) = preSolution
		HideSolutionNode = FALSE
	EndGlobalSection
	GlobalSection(ExtensibilityGlobals) = postSolution
		SolutionGuid = {B2216550-B8B2-4E2C-AC2D-E6ED9F0E965F}
	EndGlobalSection
EndGlobal
